{
  "requires": true,
  "lockfileVersion": 1,
  "dependencies": {
    "detect-collisions": {
      "version": "2.5.6",
      "resolved": "https://registry.npmjs.org/detect-collisions/-/detect-collisions-2.5.6.tgz",
      "integrity": "sha512-EKjZ00A9qUOhqjn12nhIPiw6qmFNdz0gO6/VngEQAxDX7cqLOyYQEbAzMFw44CngV9pyQIpdEXu3MwS+on02ug=="
    }
  }
}
